
Microsoft Visual Studio Solution File, Format Version 12.00
# Visual Studio Version 16
VisualStudioVersion = 16.0.34407.143
MinimumVisualStudioVersion = 10.0.40219.1
Project("{FAE04EC0-301F-11D3-BF4B-00C04F79EFBC}") = "myCalculator", "myCalculator\myCalculator.csproj", "{70B4E53F-07B6-4D92-A282-EABBDDDE9D0A}"
EndProject
Global
	GlobalSection(SolutionConfigurationPlatforms) = preSolution
		Debug|Any CPU = Debug|Any CPU
		Release|Any CPU = Release|Any CPU
	EndGlobalSection
	GlobalSection(ProjectConfigurationPlatforms) = postSolution
		{70B4E53F-07B6-4D92-A282-EABBDDDE9D0A}.Debug|Any CPU.ActiveCfg = Debug|Any CPU
		{70B4E53F-07B6-4D92-A282-EABBDDDE9D0A}.Debug|Any CPU.Build.0 = Debug|Any CPU
		{70B4E53F-07B6-4D92-A282-EABBDDDE9D0A}.Release|Any CPU.ActiveCfg = Release|Any CPU
		{70B4E53F-07B6-4D92-A282-EABBDDDE9D0A}.Release|Any CPU.Build.0 = Release|Any CPU
	EndGlobalSection
	GlobalSection(SolutionProperties) = preSolution
		HideSolutionNode = FALSE
	EndGlobalSection
	GlobalSection(ExtensibilityGlobals) = postSolution
		SolutionGuid = {2694074F-6925-4F93-9C4A-6590F5B9A61E}
	EndGlobalSection
EndGlobal
